// !$*UTF8*$!
{
	archiveVersion = 1;
	classes = {
	};
	objectVersion = 55;
	objects = {

/* Begin PBXBuildFile section */
		1B99C70527176A710011BD70 /* DemoAppApp.swift in Sources */ = {isa = PBXBuildFile; fileRef = 1B99C70427176A710011BD70 /* DemoAppApp.swift */; };
		1B99C70727176A710011BD70 /* PostListView.swift in Sources */ = {isa = PBXBuildFile; fileRef = 1B99C70627176A710011BD70 /* PostListView.swift */; };
		1B99C70927176A730011BD70 /* Assets.xcassets in Resources */ = {isa = PBXBuildFile; fileRef = 1B99C70827176A730011BD70 /* Assets.xcassets */; };
		1B99C70C27176A730011BD70 /* Preview Assets.xcassets in Resources */ = {isa = PBXBuildFile; fileRef = 1B99C70B27176A730011BD70 /* Preview Assets.xcassets */; };
		1B99C72E27176B080011BD70 /* RequestManager.swift in Sources */ = {isa = PBXBuildFile; fileRef = 1B99C72D27176B080011BD70 /* RequestManager.swift */; };
		1B99C731271778630011BD70 /* Post.swift in Sources */ = {isa = PBXBuildFile; fileRef = 1B99C730271778630011BD70 /* Post.swift */; };
		1B99C733271779030011BD70 /* User.swift in Sources */ = {isa = PBXBuildFile; fileRef = 1B99C732271779030011BD70 /* User.swift */; };
		1B99C7352717790E0011BD70 /* Comment.swift in Sources */ = {isa = PBXBuildFile; fileRef = 1B99C7342717790E0011BD70 /* Comment.swift */; };
		1B99C73827177F020011BD70 /* Strings.swift in Sources */ = {isa = PBXBuildFile; fileRef = 1B99C73727177F020011BD70 /* Strings.swift */; };
		1B99C73D2717EC640011BD70 /* RequestClient.swift in Sources */ = {isa = PBXBuildFile; fileRef = 1B99C73C2717EC640011BD70 /* RequestClient.swift */; };
		1B99C7402717ED260011BD70 /* Requestable.swift in Sources */ = {isa = PBXBuildFile; fileRef = 1B99C73F2717ED260011BD70 /* Requestable.swift */; };
		1B99C7422717F4140011BD70 /* Parser.swift in Sources */ = {isa = PBXBuildFile; fileRef = 1B99C7412717F4140011BD70 /* Parser.swift */; };
		1B99C7452717FCB90011BD70 /* PostListViewModel.swift in Sources */ = {isa = PBXBuildFile; fileRef = 1B99C7442717FCB90011BD70 /* PostListViewModel.swift */; };
		1B99C74A2717FCEB0011BD70 /* PostViewModel.swift in Sources */ = {isa = PBXBuildFile; fileRef = 1B99C7492717FCEB0011BD70 /* PostViewModel.swift */; };
		1B99C74D2718998A0011BD70 /* PostDetailsViewModel.swift in Sources */ = {isa = PBXBuildFile; fileRef = 1B99C74C2718998A0011BD70 /* PostDetailsViewModel.swift */; };
		1B99C7512718C0C40011BD70 /* UIFont+Extensions.swift in Sources */ = {isa = PBXBuildFile; fileRef = 1B99C7502718C0C40011BD70 /* UIFont+Extensions.swift */; };
		1B99C7542718D49B0011BD70 /* UserViewModel.swift in Sources */ = {isa = PBXBuildFile; fileRef = 1B99C7532718D49B0011BD70 /* UserViewModel.swift */; };
		1B99C75627193CFB0011BD70 /* String+Extensions.swift in Sources */ = {isa = PBXBuildFile; fileRef = 1B99C75527193CFB0011BD70 /* String+Extensions.swift */; };
		1B99C75C2719453D0011BD70 /* ActivityControllerView.swift in Sources */ = {isa = PBXBuildFile; fileRef = 1B99C75B2719453D0011BD70 /* ActivityControllerView.swift */; };
		1B99C75E2719457B0011BD70 /* MailComposeViewController.swift in Sources */ = {isa = PBXBuildFile; fileRef = 1B99C75D2719457B0011BD70 /* MailComposeViewController.swift */; };
		1B99C760271945B10011BD70 /* MapView.swift in Sources */ = {isa = PBXBuildFile; fileRef = 1B99C75F271945B10011BD70 /* MapView.swift */; };
		1B99C763271945DA0011BD70 /* UserDetailPhoneView.swift in Sources */ = {isa = PBXBuildFile; fileRef = 1B99C762271945DA0011BD70 /* UserDetailPhoneView.swift */; };
		1B99C765271945FE0011BD70 /* UserDetailEmailComponentView.swift in Sources */ = {isa = PBXBuildFile; fileRef = 1B99C764271945FE0011BD70 /* UserDetailEmailComponentView.swift */; };
		1B99C7672719461A0011BD70 /* UserDetailSimpleComponentView.swift in Sources */ = {isa = PBXBuildFile; fileRef = 1B99C7662719461A0011BD70 /* UserDetailSimpleComponentView.swift */; };
		1B99C769271946480011BD70 /* UserDetailsView.swift in Sources */ = {isa = PBXBuildFile; fileRef = 1B99C768271946480011BD70 /* UserDetailsView.swift */; };
		1B99C76C2719480B0011BD70 /* CommentDetailView.swift in Sources */ = {isa = PBXBuildFile; fileRef = 1B99C76B2719480B0011BD70 /* CommentDetailView.swift */; };
		1B99C76E271948370011BD70 /* PostDetailsCommentsView.swift in Sources */ = {isa = PBXBuildFile; fileRef = 1B99C76D271948360011BD70 /* PostDetailsCommentsView.swift */; };
		1B99C770271948530011BD70 /* PostDetailsAuthorView.swift in Sources */ = {isa = PBXBuildFile; fileRef = 1B99C76F271948530011BD70 /* PostDetailsAuthorView.swift */; };
		1B99C772271948700011BD70 /* PostDetailsPostView.swift in Sources */ = {isa = PBXBuildFile; fileRef = 1B99C771271948700011BD70 /* PostDetailsPostView.swift */; };
		1B99C7742719488E0011BD70 /* PostDetailsView.swift in Sources */ = {isa = PBXBuildFile; fileRef = 1B99C7732719488E0011BD70 /* PostDetailsView.swift */; };
		1B99C777271948CC0011BD70 /* PostListItemView.swift in Sources */ = {isa = PBXBuildFile; fileRef = 1B99C776271948CC0011BD70 /* PostListItemView.swift */; };
		1B99C77B27194C1F0011BD70 /* ParserTests.swift in Sources */ = {isa = PBXBuildFile; fileRef = 1B99C77A27194C1F0011BD70 /* ParserTests.swift */; };
		1B99C77D27195A610011BD70 /* UserViewModelTests.swift in Sources */ = {isa = PBXBuildFile; fileRef = 1B99C77C27195A610011BD70 /* UserViewModelTests.swift */; };
/* End PBXBuildFile section */

/* Begin PBXContainerItemProxy section */
		1B99C71227176A730011BD70 /* PBXContainerItemProxy */ = {
			isa = PBXContainerItemProxy;
			containerPortal = 1B99C6F927176A710011BD70 /* Project object */;
			proxyType = 1;
			remoteGlobalIDString = 1B99C70027176A710011BD70;
			remoteInfo = DemoApp;
		};
/* End PBXContainerItemProxy section */

/* Begin PBXFileReference section */
		1B99C70127176A710011BD70 /* DemoApp.app */ = {isa = PBXFileReference; explicitFileType = wrapper.application; includeInIndex = 0; path = DemoApp.app; sourceTree = BUILT_PRODUCTS_DIR; };
		1B99C70427176A710011BD70 /* DemoAppApp.swift */ = {isa = PBXFileReference; lastKnownFileType = sourcecode.swift; path = DemoAppApp.swift; sourceTree = "<group>"; };
		1B99C70627176A710011BD70 /* PostListView.swift */ = {isa = PBXFileReference; lastKnownFileType = sourcecode.swift; path = PostListView.swift; sourceTree = "<group>"; };
		1B99C70827176A730011BD70 /* Assets.xcassets */ = {isa = PBXFileReference; lastKnownFileType = folder.assetcatalog; path = Assets.xcassets; sourceTree = "<group>"; };
		1B99C70B27176A730011BD70 /* Preview Assets.xcassets */ = {isa = PBXFileReference; lastKnownFileType = folder.assetcatalog; path = "Preview Assets.xcassets"; sourceTree = "<group>"; };
		1B99C71127176A730011BD70 /* DemoAppTests.xctest */ = {isa = PBXFileReference; explicitFileType = wrapper.cfbundle; includeInIndex = 0; path = DemoAppTests.xctest; sourceTree = BUILT_PRODUCTS_DIR; };
		1B99C72D27176B080011BD70 /* RequestManager.swift */ = {isa = PBXFileReference; lastKnownFileType = sourcecode.swift; path = RequestManager.swift; sourceTree = "<group>"; };
		1B99C730271778630011BD70 /* Post.swift */ = {isa = PBXFileReference; lastKnownFileType = sourcecode.swift; path = Post.swift; sourceTree = "<group>"; };
		1B99C732271779030011BD70 /* User.swift */ = {isa = PBXFileReference; lastKnownFileType = sourcecode.swift; path = User.swift; sourceTree = "<group>"; };
		1B99C7342717790E0011BD70 /* Comment.swift */ = {isa = PBXFileReference; lastKnownFileType = sourcecode.swift; path = Comment.swift; sourceTree = "<group>"; };
		1B99C73727177F020011BD70 /* Strings.swift */ = {isa = PBXFileReference; lastKnownFileType = sourcecode.swift; path = Strings.swift; sourceTree = "<group>"; };
		1B99C73C2717EC640011BD70 /* RequestClient.swift */ = {isa = PBXFileReference; lastKnownFileType = sourcecode.swift; path = RequestClient.swift; sourceTree = "<group>"; };
		1B99C73F2717ED260011BD70 /* Requestable.swift */ = {isa = PBXFileReference; lastKnownFileType = sourcecode.swift; path = Requestable.swift; sourceTree = "<group>"; };
		1B99C7412717F4140011BD70 /* Parser.swift */ = {isa = PBXFileReference; lastKnownFileType = sourcecode.swift; path = Parser.swift; sourceTree = "<group>"; };
		1B99C7442717FCB90011BD70 /* PostListViewModel.swift */ = {isa = PBXFileReference; lastKnownFileType = sourcecode.swift; path = PostListViewModel.swift; sourceTree = "<group>"; };
		1B99C7492717FCEB0011BD70 /* PostViewModel.swift */ = {isa = PBXFileReference; lastKnownFileType = sourcecode.swift; path = PostViewModel.swift; sourceTree = "<group>"; };
		1B99C74C2718998A0011BD70 /* PostDetailsViewModel.swift */ = {isa = PBXFileReference; lastKnownFileType = sourcecode.swift; path = PostDetailsViewModel.swift; sourceTree = "<group>"; };
		1B99C7502718C0C40011BD70 /* UIFont+Extensions.swift */ = {isa = PBXFileReference; lastKnownFileType = sourcecode.swift; path = "UIFont+Extensions.swift"; sourceTree = "<group>"; };
		1B99C7532718D49B0011BD70 /* UserViewModel.swift */ = {isa = PBXFileReference; lastKnownFileType = sourcecode.swift; path = UserViewModel.swift; sourceTree = "<group>"; };
		1B99C75527193CFB0011BD70 /* String+Extensions.swift */ = {isa = PBXFileReference; lastKnownFileType = sourcecode.swift; path = "String+Extensions.swift"; sourceTree = "<group>"; };
		1B99C75B2719453D0011BD70 /* ActivityControllerView.swift */ = {isa = PBXFileReference; lastKnownFileType = sourcecode.swift; path = ActivityControllerView.swift; sourceTree = "<group>"; };
		1B99C75D2719457B0011BD70 /* MailComposeViewController.swift */ = {isa = PBXFileReference; lastKnownFileType = sourcecode.swift; path = MailComposeViewController.swift; sourceTree = "<group>"; };
		1B99C75F271945B10011BD70 /* MapView.swift */ = {isa = PBXFileReference; lastKnownFileType = sourcecode.swift; path = MapView.swift; sourceTree = "<group>"; };
		1B99C762271945DA0011BD70 /* UserDetailPhoneView.swift */ = {isa = PBXFileReference; lastKnownFileType = sourcecode.swift; path = UserDetailPhoneView.swift; sourceTree = "<group>"; };
		1B99C764271945FE0011BD70 /* UserDetailEmailComponentView.swift */ = {isa = PBXFileReference; lastKnownFileType = sourcecode.swift; path = UserDetailEmailComponentView.swift; sourceTree = "<group>"; };
		1B99C7662719461A0011BD70 /* UserDetailSimpleComponentView.swift */ = {isa = PBXFileReference; lastKnownFileType = sourcecode.swift; path = UserDetailSimpleComponentView.swift; sourceTree = "<group>"; };
		1B99C768271946480011BD70 /* UserDetailsView.swift */ = {isa = PBXFileReference; lastKnownFileType = sourcecode.swift; path = UserDetailsView.swift; sourceTree = "<group>"; };
		1B99C76B2719480B0011BD70 /* CommentDetailView.swift */ = {isa = PBXFileReference; lastKnownFileType = sourcecode.swift; path = CommentDetailView.swift; sourceTree = "<group>"; };
		1B99C76D271948360011BD70 /* PostDetailsCommentsView.swift */ = {isa = PBXFileReference; lastKnownFileType = sourcecode.swift; path = PostDetailsCommentsView.swift; sourceTree = "<group>"; };
		1B99C76F271948530011BD70 /* PostDetailsAuthorView.swift */ = {isa = PBXFileReference; lastKnownFileType = sourcecode.swift; path = PostDetailsAuthorView.swift; sourceTree = "<group>"; };
		1B99C771271948700011BD70 /* PostDetailsPostView.swift */ = {isa = PBXFileReference; lastKnownFileType = sourcecode.swift; path = PostDetailsPostView.swift; sourceTree = "<group>"; };
		1B99C7732719488E0011BD70 /* PostDetailsView.swift */ = {isa = PBXFileReference; lastKnownFileType = sourcecode.swift; path = PostDetailsView.swift; sourceTree = "<group>"; };
		1B99C776271948CC0011BD70 /* PostListItemView.swift */ = {isa = PBXFileReference; lastKnownFileType = sourcecode.swift; path = PostListItemView.swift; sourceTree = "<group>"; };
		1B99C77A27194C1F0011BD70 /* ParserTests.swift */ = {isa = PBXFileReference; lastKnownFileType = sourcecode.swift; path = ParserTests.swift; sourceTree = "<group>"; };
		1B99C77C27195A610011BD70 /* UserViewModelTests.swift */ = {isa = PBXFileReference; lastKnownFileType = sourcecode.swift; path = UserViewModelTests.swift; sourceTree = "<group>"; };
/* End PBXFileReference section */

/* Begin PBXFrameworksBuildPhase section */
		1B99C6FE27176A710011BD70 /* Frameworks */ = {
			isa = PBXFrameworksBuildPhase;
			buildActionMask = 2147483647;
			files = (
			);
			runOnlyForDeploymentPostprocessing = 0;
		};
		1B99C70E27176A730011BD70 /* Frameworks */ = {
			isa = PBXFrameworksBuildPhase;
			buildActionMask = 2147483647;
			files = (
			);
			runOnlyForDeploymentPostprocessing = 0;
		};
/* End PBXFrameworksBuildPhase section */

/* Begin PBXGroup section */
		1B99C6F827176A710011BD70 = {
			isa = PBXGroup;
			children = (
				1B99C70327176A710011BD70 /* DemoApp */,
				1B99C71427176A730011BD70 /* DemoAppTests */,
				1B99C70227176A710011BD70 /* Products */,
			);
			sourceTree = "<group>";
		};
		1B99C70227176A710011BD70 /* Products */ = {
			isa = PBXGroup;
			children = (
				1B99C70127176A710011BD70 /* DemoApp.app */,
				1B99C71127176A730011BD70 /* DemoAppTests.xctest */,
			);
			name = Products;
			sourceTree = "<group>";
		};
		1B99C70327176A710011BD70 /* DemoApp */ = {
			isa = PBXGroup;
			children = (
				1B99C74F2718C0B40011BD70 /* Extensions */,
				1B99C74B2718977F0011BD70 /* Views */,
				1B99C7432717FCA90011BD70 /* ViewModels */,
				1B99C73E2717ED180011BD70 /* Protocols */,
				1B99C73627177EF00011BD70 /* Constants */,
				1B99C72F271778540011BD70 /* Models */,
				1B99C72C27176A930011BD70 /* Networking */,
				1B99C70427176A710011BD70 /* DemoAppApp.swift */,
				1B99C70827176A730011BD70 /* Assets.xcassets */,
				1B99C70A27176A730011BD70 /* Preview Content */,
			);
			path = DemoApp;
			sourceTree = "<group>";
		};
		1B99C70A27176A730011BD70 /* Preview Content */ = {
			isa = PBXGroup;
			children = (
				1B99C70B27176A730011BD70 /* Preview Assets.xcassets */,
			);
			path = "Preview Content";
			sourceTree = "<group>";
		};
		1B99C71427176A730011BD70 /* DemoAppTests */ = {
			isa = PBXGroup;
			children = (
				1B99C77927194C010011BD70 /* Parser Tests */,
				1B99C77827194BF90011BD70 /* View Model Tests */,
			);
			path = DemoAppTests;
			sourceTree = "<group>";
		};
		1B99C72C27176A930011BD70 /* Networking */ = {
			isa = PBXGroup;
			children = (
				1B99C72D27176B080011BD70 /* RequestManager.swift */,
				1B99C73C2717EC640011BD70 /* RequestClient.swift */,
				1B99C7412717F4140011BD70 /* Parser.swift */,
			);
			path = Networking;
			sourceTree = "<group>";
		};
		1B99C72F271778540011BD70 /* Models */ = {
			isa = PBXGroup;
			children = (
				1B99C730271778630011BD70 /* Post.swift */,
				1B99C732271779030011BD70 /* User.swift */,
				1B99C7342717790E0011BD70 /* Comment.swift */,
			);
			path = Models;
			sourceTree = "<group>";
		};
		1B99C73627177EF00011BD70 /* Constants */ = {
			isa = PBXGroup;
			children = (
				1B99C73727177F020011BD70 /* Strings.swift */,
			);
			path = Constants;
			sourceTree = "<group>";
		};
		1B99C73E2717ED180011BD70 /* Protocols */ = {
			isa = PBXGroup;
			children = (
				1B99C73F2717ED260011BD70 /* Requestable.swift */,
			);
			path = Protocols;
			sourceTree = "<group>";
		};
		1B99C7432717FCA90011BD70 /* ViewModels */ = {
			isa = PBXGroup;
			children = (
				1B99C7522718D48A0011BD70 /* User */,
				1B99C74E27189CD10011BD70 /* Post Details */,
				1B99C7472717FCC90011BD70 /* Post List */,
			);
			path = ViewModels;
			sourceTree = "<group>";
		};
		1B99C7472717FCC90011BD70 /* Post List */ = {
			isa = PBXGroup;
			children = (
				1B99C7442717FCB90011BD70 /* PostListViewModel.swift */,
				1B99C7492717FCEB0011BD70 /* PostViewModel.swift */,
			);
			path = "Post List";
			sourceTree = "<group>";
		};
		1B99C74B2718977F0011BD70 /* Views */ = {
			isa = PBXGroup;
			children = (
				1B99C75A271945120011BD70 /* Helper Views */,
				1B99C759271945030011BD70 /* User Details */,
				1B99C758271944FC0011BD70 /* Post Details */,
				1B99C757271944F50011BD70 /* Post List */,
			);
			path = Views;
			sourceTree = "<group>";
		};
		1B99C74E27189CD10011BD70 /* Post Details */ = {
			isa = PBXGroup;
			children = (
				1B99C74C2718998A0011BD70 /* PostDetailsViewModel.swift */,
			);
			path = "Post Details";
			sourceTree = "<group>";
		};
		1B99C74F2718C0B40011BD70 /* Extensions */ = {
			isa = PBXGroup;
			children = (
				1B99C7502718C0C40011BD70 /* UIFont+Extensions.swift */,
				1B99C75527193CFB0011BD70 /* String+Extensions.swift */,
			);
			path = Extensions;
			sourceTree = "<group>";
		};
		1B99C7522718D48A0011BD70 /* User */ = {
			isa = PBXGroup;
			children = (
				1B99C7532718D49B0011BD70 /* UserViewModel.swift */,
			);
			path = User;
			sourceTree = "<group>";
		};
		1B99C757271944F50011BD70 /* Post List */ = {
			isa = PBXGroup;
			children = (
				1B99C775271948B50011BD70 /* Components */,
				1B99C70627176A710011BD70 /* PostListView.swift */,
			);
			path = "Post List";
			sourceTree = "<group>";
		};
		1B99C758271944FC0011BD70 /* Post Details */ = {
			isa = PBXGroup;
			children = (
				1B99C76A271947ED0011BD70 /* Components */,
				1B99C7732719488E0011BD70 /* PostDetailsView.swift */,
			);
			path = "Post Details";
			sourceTree = "<group>";
		};
		1B99C759271945030011BD70 /* User Details */ = {
			isa = PBXGroup;
			children = (
				1B99C761271945CC0011BD70 /* Components */,
				1B99C768271946480011BD70 /* UserDetailsView.swift */,
			);
			path = "User Details";
			sourceTree = "<group>";
		};
		1B99C75A271945120011BD70 /* Helper Views */ = {
			isa = PBXGroup;
			children = (
				1B99C75B2719453D0011BD70 /* ActivityControllerView.swift */,
				1B99C75D2719457B0011BD70 /* MailComposeViewController.swift */,
				1B99C75F271945B10011BD70 /* MapView.swift */,
			);
			path = "Helper Views";
			sourceTree = "<group>";
		};
		1B99C761271945CC0011BD70 /* Components */ = {
			isa = PBXGroup;
			children = (
				1B99C762271945DA0011BD70 /* UserDetailPhoneView.swift */,
				1B99C764271945FE0011BD70 /* UserDetailEmailComponentView.swift */,
				1B99C7662719461A0011BD70 /* UserDetailSimpleComponentView.swift */,
			);
			path = Components;
			sourceTree = "<group>";
		};
		1B99C76A271947ED0011BD70 /* Components */ = {
			isa = PBXGroup;
			children = (
				1B99C76B2719480B0011BD70 /* CommentDetailView.swift */,
				1B99C76D271948360011BD70 /* PostDetailsCommentsView.swift */,
				1B99C76F271948530011BD70 /* PostDetailsAuthorView.swift */,
				1B99C771271948700011BD70 /* PostDetailsPostView.swift */,
			);
			path = Components;
			sourceTree = "<group>";
		};
		1B99C775271948B50011BD70 /* Components */ = {
			isa = PBXGroup;
			children = (
				1B99C776271948CC0011BD70 /* PostListItemView.swift */,
			);
			path = Components;
			sourceTree = "<group>";
		};
		1B99C77827194BF90011BD70 /* View Model Tests */ = {
			isa = PBXGroup;
			children = (
				1B99C77C27195A610011BD70 /* UserViewModelTests.swift */,
			);
			path = "View Model Tests";
			sourceTree = "<group>";
		};
		1B99C77927194C010011BD70 /* Parser Tests */ = {
			isa = PBXGroup;
			children = (
				1B99C77A27194C1F0011BD70 /* ParserTests.swift */,
			);
			path = "Parser Tests";
			sourceTree = "<group>";
		};
/* End PBXGroup section */

/* Begin PBXNativeTarget section */
		1B99C70027176A710011BD70 /* DemoApp */ = {
			isa = PBXNativeTarget;
			buildConfigurationList = 1B99C72327176A730011BD70 /* Build configuration list for PBXNativeTarget "DemoApp" */;
			buildPhases = (
				1B99C6FD27176A710011BD70 /* Sources */,
				1B99C6FE27176A710011BD70 /* Frameworks */,
				1B99C6FF27176A710011BD70 /* Resources */,
			);
			buildRules = (
			);
			dependencies = (
			);
			name = DemoApp;
			productName = DemoApp;
			productReference = 1B99C70127176A710011BD70 /* DemoApp.app */;
			productType = "com.apple.product-type.application";
		};
		1B99C71027176A730011BD70 /* DemoAppTests */ = {
			isa = PBXNativeTarget;
			buildConfigurationList = 1B99C72627176A730011BD70 /* Build configuration list for PBXNativeTarget "DemoAppTests" */;
			buildPhases = (
				1B99C70D27176A730011BD70 /* Sources */,
				1B99C70E27176A730011BD70 /* Frameworks */,
				1B99C70F27176A730011BD70 /* Resources */,
			);
			buildRules = (
			);
			dependencies = (
				1B99C71327176A730011BD70 /* PBXTargetDependency */,
			);
			name = DemoAppTests;
			productName = DemoAppTests;
			productReference = 1B99C71127176A730011BD70 /* DemoAppTests.xctest */;
			productType = "com.apple.product-type.bundle.unit-test";
		};
/* End PBXNativeTarget section */

/* Begin PBXProject section */
		1B99C6F927176A710011BD70 /* Project object */ = {
			isa = PBXProject;
			attributes = {
				BuildIndependentTargetsInParallel = 1;
				LastSwiftUpdateCheck = 1300;
				LastUpgradeCheck = 1300;
				TargetAttributes = {
					1B99C70027176A710011BD70 = {
						CreatedOnToolsVersion = 13.0;
					};
					1B99C71027176A730011BD70 = {
						CreatedOnToolsVersion = 13.0;
						TestTargetID = 1B99C70027176A710011BD70;
					};
				};
			};
			buildConfigurationList = 1B99C6FC27176A710011BD70 /* Build configuration list for PBXProject "DemoApp" */;
			compatibilityVersion = "Xcode 13.0";
			developmentRegion = en;
			hasScannedForEncodings = 0;
			knownRegions = (
				en,
				Base,
			);
			mainGroup = 1B99C6F827176A710011BD70;
			productRefGroup = 1B99C70227176A710011BD70 /* Products */;
			projectDirPath = "";
			projectRoot = "";
			targets = (
				1B99C70027176A710011BD70 /* DemoApp */,
				1B99C71027176A730011BD70 /* DemoAppTests */,
			);
		};
/* End PBXProject section */

/* Begin PBXResourcesBuildPhase section */
		1B99C6FF27176A710011BD70 /* Resources */ = {
			isa = PBXResourcesBuildPhase;
			buildActionMask = 2147483647;
			files = (
				1B99C70C27176A730011BD70 /* Preview Assets.xcassets in Resources */,
				1B99C70927176A730011BD70 /* Assets.xcassets in Resources */,
			);
			runOnlyForDeploymentPostprocessing = 0;
		};
		1B99C70F27176A730011BD70 /* Resources */ = {
			isa = PBXResourcesBuildPhase;
			buildActionMask = 2147483647;
			files = (
			);
			runOnlyForDeploymentPostprocessing = 0;
		};
/* End PBXResourcesBuildPhase section */

/* Begin PBXSourcesBuildPhase section */
		1B99C6FD27176A710011BD70 /* Sources */ = {
			isa = PBXSourcesBuildPhase;
			buildActionMask = 2147483647;
			files = (
				1B99C74A2717FCEB0011BD70 /* PostViewModel.swift in Sources */,
				1B99C74D2718998A0011BD70 /* PostDetailsViewModel.swift in Sources */,
				1B99C72E27176B080011BD70 /* RequestManager.swift in Sources */,
				1B99C7352717790E0011BD70 /* Comment.swift in Sources */,
				1B99C75C2719453D0011BD70 /* ActivityControllerView.swift in Sources */,
				1B99C769271946480011BD70 /* UserDetailsView.swift in Sources */,
				1B99C770271948530011BD70 /* PostDetailsAuthorView.swift in Sources */,
				1B99C75627193CFB0011BD70 /* String+Extensions.swift in Sources */,
				1B99C75E2719457B0011BD70 /* MailComposeViewController.swift in Sources */,
				1B99C7422717F4140011BD70 /* Parser.swift in Sources */,
				1B99C70727176A710011BD70 /* PostListView.swift in Sources */,
				1B99C777271948CC0011BD70 /* PostListItemView.swift in Sources */,
				1B99C7512718C0C40011BD70 /* UIFont+Extensions.swift in Sources */,
				1B99C76C2719480B0011BD70 /* CommentDetailView.swift in Sources */,
				1B99C7402717ED260011BD70 /* Requestable.swift in Sources */,
				1B99C70527176A710011BD70 /* DemoAppApp.swift in Sources */,
				1B99C7742719488E0011BD70 /* PostDetailsView.swift in Sources */,
				1B99C76E271948370011BD70 /* PostDetailsCommentsView.swift in Sources */,
				1B99C733271779030011BD70 /* User.swift in Sources */,
				1B99C731271778630011BD70 /* Post.swift in Sources */,
				1B99C772271948700011BD70 /* PostDetailsPostView.swift in Sources */,
				1B99C73D2717EC640011BD70 /* RequestClient.swift in Sources */,
				1B99C763271945DA0011BD70 /* UserDetailPhoneView.swift in Sources */,
				1B99C765271945FE0011BD70 /* UserDetailEmailComponentView.swift in Sources */,
				1B99C760271945B10011BD70 /* MapView.swift in Sources */,
				1B99C73827177F020011BD70 /* Strings.swift in Sources */,
				1B99C7542718D49B0011BD70 /* UserViewModel.swift in Sources */,
				1B99C7672719461A0011BD70 /* UserDetailSimpleComponentView.swift in Sources */,
				1B99C7452717FCB90011BD70 /* PostListViewModel.swift in Sources */,
			);
			runOnlyForDeploymentPostprocessing = 0;
		};
		1B99C70D27176A730011BD70 /* Sources */ = {
			isa = PBXSourcesBuildPhase;
			buildActionMask = 2147483647;
			files = (
				1B99C77B27194C1F0011BD70 /* ParserTests.swift in Sources */,
				1B99C77D27195A610011BD70 /* UserViewModelTests.swift in Sources */,
			);
			runOnlyForDeploymentPostprocessing = 0;
		};
/* End PBXSourcesBuildPhase section */

/* Begin PBXTargetDependency section */
		1B99C71327176A730011BD70 /* PBXTargetDependency */ = {
			isa = PBXTargetDependency;
			target = 1B99C70027176A710011BD70 /* DemoApp */;
			targetProxy = 1B99C71227176A730011BD70 /* PBXContainerItemProxy */;
		};
/* End PBXTargetDependency section */

/* Begin XCBuildConfiguration section */
		1B99C72127176A730011BD70 /* Debug */ = {
			isa = XCBuildConfiguration;
			buildSettings = {
				ALWAYS_SEARCH_USER_PATHS = NO;
				CLANG_ANALYZER_NONNULL = YES;
				CLANG_ANALYZER_NUMBER_OBJECT_CONVERSION = YES_AGGRESSIVE;
				CLANG_CXX_LANGUAGE_STANDARD = "gnu++17";
				CLANG_CXX_LIBRARY = "libc++";
				CLANG_ENABLE_MODULES = YES;
				CLANG_ENABLE_OBJC_ARC = YES;
				CLANG_ENABLE_OBJC_WEAK = YES;
				CLANG_WARN_BLOCK_CAPTURE_AUTORELEASING = YES;
				CLANG_WARN_BOOL_CONVERSION = YES;
				CLANG_WARN_COMMA = YES;
				CLANG_WARN_CONSTANT_CONVERSION = YES;
				CLANG_WARN_DEPRECATED_OBJC_IMPLEMENTATIONS = YES;
				CLANG_WARN_DIRECT_OBJC_ISA_USAGE = YES_ERROR;
				CLANG_WARN_DOCUMENTATION_COMMENTS = YES;
				CLANG_WARN_EMPTY_BODY = YES;
				CLANG_WARN_ENUM_CONVERSION = YES;
				CLANG_WARN_INFINITE_RECURSION = YES;
				CLANG_WARN_INT_CONVERSION = YES;
				CLANG_WARN_NON_LITERAL_NULL_CONVERSION = YES;
				CLANG_WARN_OBJC_IMPLICIT_RETAIN_SELF = YES;
				CLANG_WARN_OBJC_LITERAL_CONVERSION = YES;
				CLANG_WARN_OBJC_ROOT_CLASS = YES_ERROR;
				CLANG_WARN_QUOTED_INCLUDE_IN_FRAMEWORK_HEADER = YES;
				CLANG_WARN_RANGE_LOOP_ANALYSIS = YES;
				CLANG_WARN_STRICT_PROTOTYPES = YES;
				CLANG_WARN_SUSPICIOUS_MOVE = YES;
				CLANG_WARN_UNGUARDED_AVAILABILITY = YES_AGGRESSIVE;
				CLANG_WARN_UNREACHABLE_CODE = YES;
				CLANG_WARN__DUPLICATE_METHOD_MATCH = YES;
				COPY_PHASE_STRIP = NO;
				DEBUG_INFORMATION_FORMAT = dwarf;
				ENABLE_STRICT_OBJC_MSGSEND = YES;
				ENABLE_TESTABILITY = YES;
				GCC_C_LANGUAGE_STANDARD = gnu11;
				GCC_DYNAMIC_NO_PIC = NO;
				GCC_NO_COMMON_BLOCKS = YES;
				GCC_OPTIMIZATION_LEVEL = 0;
				GCC_PREPROCESSOR_DEFINITIONS = (
					"DEBUG=1",
					"$(inherited)",
				);
				GCC_WARN_64_TO_32_BIT_CONVERSION = YES;
				GCC_WARN_ABOUT_RETURN_TYPE = YES_ERROR;
				GCC_WARN_UNDECLARED_SELECTOR = YES;
				GCC_WARN_UNINITIALIZED_AUTOS = YES_AGGRESSIVE;
				GCC_WARN_UNUSED_FUNCTION = YES;
				GCC_WARN_UNUSED_VARIABLE = YES;
				IPHONEOS_DEPLOYMENT_TARGET = 15.0;
				MTL_ENABLE_DEBUG_INFO = INCLUDE_SOURCE;
				MTL_FAST_MATH = YES;
				ONLY_ACTIVE_ARCH = YES;
				SDKROOT = iphoneos;
				SWIFT_ACTIVE_COMPILATION_CONDITIONS = DEBUG;
				SWIFT_OPTIMIZATION_LEVEL = "-Onone";
			};
			name = Debug;
		};
		1B99C72227176A730011BD70 /* Release */ = {
			isa = XCBuildConfiguration;
			buildSettings = {
				ALWAYS_SEARCH_USER_PATHS = NO;
				CLANG_ANALYZER_NONNULL = YES;
				CLANG_ANALYZER_NUMBER_OBJECT_CONVERSION = YES_AGGRESSIVE;
				CLANG_CXX_LANGUAGE_STANDARD = "gnu++17";
				CLANG_CXX_LIBRARY = "libc++";
				CLANG_ENABLE_MODULES = YES;
				CLANG_ENABLE_OBJC_ARC = YES;
				CLANG_ENABLE_OBJC_WEAK = YES;
				CLANG_WARN_BLOCK_CAPTURE_AUTORELEASING = YES;
				CLANG_WARN_BOOL_CONVERSION = YES;
				CLANG_WARN_COMMA = YES;
				CLANG_WARN_CONSTANT_CONVERSION = YES;
				CLANG_WARN_DEPRECATED_OBJC_IMPLEMENTATIONS = YES;
				CLANG_WARN_DIRECT_OBJC_ISA_USAGE = YES_ERROR;
				CLANG_WARN_DOCUMENTATION_COMMENTS = YES;
				CLANG_WARN_EMPTY_BODY = YES;
				CLANG_WARN_ENUM_CONVERSION = YES;
				CLANG_WARN_INFINITE_RECURSION = YES;
				CLANG_WARN_INT_CONVERSION = YES;
				CLANG_WARN_NON_LITERAL_NULL_CONVERSION = YES;
				CLANG_WARN_OBJC_IMPLICIT_RETAIN_SELF = YES;
				CLANG_WARN_OBJC_LITERAL_CONVERSION = YES;
				CLANG_WARN_OBJC_ROOT_CLASS = YES_ERROR;
				CLANG_WARN_QUOTED_INCLUDE_IN_FRAMEWORK_HEADER = YES;
				CLANG_WARN_RANGE_LOOP_ANALYSIS = YES;
				CLANG_WARN_STRICT_PROTOTYPES = YES;
				CLANG_WARN_SUSPICIOUS_MOVE = YES;
				CLANG_WARN_UNGUARDED_AVAILABILITY = YES_AGGRESSIVE;
				CLANG_WARN_UNREACHABLE_CODE = YES;
				CLANG_WARN__DUPLICATE_METHOD_MATCH = YES;
				COPY_PHASE_STRIP = NO;
				DEBUG_INFORMATION_FORMAT = "dwarf-with-dsym";
				ENABLE_NS_ASSERTIONS = NO;
				ENABLE_STRICT_OBJC_MSGSEND = YES;
				GCC_C_LANGUAGE_STANDARD = gnu11;
				GCC_NO_COMMON_BLOCKS = YES;
				GCC_WARN_64_TO_32_BIT_CONVERSION = YES;
				GCC_WARN_ABOUT_RETURN_TYPE = YES_ERROR;
				GCC_WARN_UNDECLARED_SELECTOR = YES;
				GCC_WARN_UNINITIALIZED_AUTOS = YES_AGGRESSIVE;
				GCC_WARN_UNUSED_FUNCTION = YES;
				GCC_WARN_UNUSED_VARIABLE = YES;
				IPHONEOS_DEPLOYMENT_TARGET = 15.0;
				MTL_ENABLE_DEBUG_INFO = NO;
				MTL_FAST_MATH = YES;
				SDKROOT = iphoneos;
				SWIFT_COMPILATION_MODE = wholemodule;
				SWIFT_OPTIMIZATION_LEVEL = "-O";
				VALIDATE_PRODUCT = YES;
			};
			name = Release;
		};
		1B99C72427176A730011BD70 /* Debug */ = {
			isa = XCBuildConfiguration;
			buildSettings = {
				ASSETCATALOG_COMPILER_APPICON_NAME = AppIcon;
				ASSETCATALOG_COMPILER_GLOBAL_ACCENT_COLOR_NAME = AccentColor;
				CODE_SIGN_STYLE = Automatic;
				CURRENT_PROJECT_VERSION = 1;
				DEVELOPMENT_ASSET_PATHS = "\"DemoApp/Preview Content\"";
				DEVELOPMENT_TEAM = J8GC4H4279;
				ENABLE_PREVIEWS = YES;
				GENERATE_INFOPLIST_FILE = YES;
				INFOPLIST_KEY_UIApplicationSceneManifest_Generation = YES;
				INFOPLIST_KEY_UIApplicationSupportsIndirectInputEvents = YES;
				INFOPLIST_KEY_UILaunchScreen_Generation = YES;
				INFOPLIST_KEY_UISupportedInterfaceOrientations_iPad = "UIInterfaceOrientationPortrait UIInterfaceOrientationPortraitUpsideDown UIInterfaceOrientationLandscapeLeft UIInterfaceOrientationLandscapeRight";
				INFOPLIST_KEY_UISupportedInterfaceOrientations_iPhone = "UIInterfaceOrientationPortrait UIInterfaceOrientationLandscapeLeft UIInterfaceOrientationLandscapeRight";
				IPHONEOS_DEPLOYMENT_TARGET = 14.0;
				LD_RUNPATH_SEARCH_PATHS = (
					"$(inherited)",
					"@executable_path/Frameworks",
				);
				MARKETING_VERSION = 1.0;
				PRODUCT_BUNDLE_IDENTIFIER = silverio.flavio.DemoApp;
				PRODUCT_NAME = "$(TARGET_NAME)";
				SWIFT_EMIT_LOC_STRINGS = YES;
				SWIFT_VERSION = 5.0;
				TARGETED_DEVICE_FAMILY = "1,2";
			};
			name = Debug;
		};
		1B99C72527176A730011BD70 /* Release */ = {
			isa = XCBuildConfiguration;
			buildSettings = {
				ASSETCATALOG_COMPILER_APPICON_NAME = AppIcon;
				ASSETCATALOG_COMPILER_GLOBAL_ACCENT_COLOR_NAME = AccentColor;
				CODE_SIGN_STYLE = Automatic;
				CURRENT_PROJECT_VERSION = 1;
				DEVELOPMENT_ASSET_PATHS = "\"DemoApp/Preview Content\"";
				DEVELOPMENT_TEAM = J8GC4H4279;
				ENABLE_PREVIEWS = YES;
				GENERATE_INFOPLIST_FILE = YES;
				INFOPLIST_KEY_UIApplicationSceneManifest_Generation = YES;
				INFOPLIST_KEY_UIApplicationSupportsIndirectInputEvents = YES;
				INFOPLIST_KEY_UILaunchScreen_Generation = YES;
				INFOPLIST_KEY_UISupportedInterfaceOrientations_iPad = "UIInterfaceOrientationPortrait UIInterfaceOrientationPortraitUpsideDown UIInterfaceOrientationLandscapeLeft UIInterfaceOrientationLandscapeRight";
				INFOPLIST_KEY_UISupportedInterfaceOrientations_iPhone = "UIInterfaceOrientationPortrait UIInterfaceOrientationLandscapeLeft UIInterfaceOrientationLandscapeRight";
				IPHONEOS_DEPLOYMENT_TARGET = 14.0;
				LD_RUNPATH_SEARCH_PATHS = (
					"$(inherited)",
					"@executable_path/Frameworks",
				);
				MARKETING_VERSION = 1.0;
				PRODUCT_BUNDLE_IDENTIFIER = silverio.flavio.DemoApp;
				PRODUCT_NAME = "$(TARGET_NAME)";
				SWIFT_EMIT_LOC_STRINGS = YES;
				SWIFT_VERSION = 5.0;
				TARGETED_DEVICE_FAMILY = "1,2";
			};
			name = Release;
		};
		1B99C72727176A730011BD70 /* Debug */ = {
			isa = XCBuildConfiguration;
			buildSettings = {
				ALWAYS_EMBED_SWIFT_STANDARD_LIBRARIES = YES;
				BUNDLE_LOADER = "$(TEST_HOST)";
				CODE_SIGN_STYLE = Automatic;
				CURRENT_PROJECT_VERSION = 1;
				DEVELOPMENT_TEAM = J8GC4H4279;
				GENERATE_INFOPLIST_FILE = YES;
				IPHONEOS_DEPLOYMENT_TARGET = 14.0;
				LD_RUNPATH_SEARCH_PATHS = (
					"$(inherited)",
					"@executable_path/Frameworks",
					"@loader_path/Frameworks",
				);
				MARKETING_VERSION = 1.0;
				PRODUCT_BUNDLE_IDENTIFIER = silverio.flavio.DemoAppTests;
				PRODUCT_NAME = "$(TARGET_NAME)";
				SWIFT_EMIT_LOC_STRINGS = NO;
				SWIFT_VERSION = 5.0;
				TARGETED_DEVICE_FAMILY = "1,2";
				TEST_HOST = "$(BUILT_PRODUCTS_DIR)/DemoApp.app/DemoApp";
			};
			name = Debug;
		};
		1B99C72827176A730011BD70 /* Release */ = {
			isa = XCBuildConfiguration;
			buildSettings = {
				ALWAYS_EMBED_SWIFT_STANDARD_LIBRARIES = YES;
				BUNDLE_LOADER = "$(TEST_HOST)";
				CODE_SIGN_STYLE = Automatic;
				CURRENT_PROJECT_VERSION = 1;
				DEVELOPMENT_TEAM = J8GC4H4279;
				GENERATE_INFOPLIST_FILE = YES;
				IPHONEOS_DEPLOYMENT_TARGET = 14.0;
				LD_RUNPATH_SEARCH_PATHS = (
					"$(inherited)",
					"@executable_path/Frameworks",
					"@loader_path/Frameworks",
				);
				MARKETING_VERSION = 1.0;
				PRODUCT_BUNDLE_IDENTIFIER = silverio.flavio.DemoAppTests;
				PRODUCT_NAME = "$(TARGET_NAME)";
				SWIFT_EMIT_LOC_STRINGS = NO;
				SWIFT_VERSION = 5.0;
				TARGETED_DEVICE_FAMILY = "1,2";
				TEST_HOST = "$(BUILT_PRODUCTS_DIR)/DemoApp.app/DemoApp";
			};
			name = Release;
		};
/* End XCBuildConfiguration section */

/* Begin XCConfigurationList section */
		1B99C6FC27176A710011BD70 /* Build configuration list for PBXProject "DemoApp" */ = {
			isa = XCConfigurationList;
			buildConfigurations = (
				1B99C72127176A730011BD70 /* Debug */,
				1B99C72227176A730011BD70 /* Release */,
			);
			defaultConfigurationIsVisible = 0;
			defaultConfigurationName = Release;
		};
		1B99C72327176A730011BD70 /* Build configuration list for PBXNativeTarget "DemoApp" */ = {
			isa = XCConfigurationList;
			buildConfigurations = (
				1B99C72427176A730011BD70 /* Debug */,
				1B99C72527176A730011BD70 /* Release */,
			);
			defaultConfigurationIsVisible = 0;
			defaultConfigurationName = Release;
		};
		1B99C72627176A730011BD70 /* Build configuration list for PBXNativeTarget "DemoAppTests" */ = {
			isa = XCConfigurationList;
			buildConfigurations = (
				1B99C72727176A730011BD70 /* Debug */,
				1B99C72827176A730011BD70 /* Release */,
			);
			defaultConfigurationIsVisible = 0;
			defaultConfigurationName = Release;
		};
/* End XCConfigurationList section */
	};
	rootObject = 1B99C6F927176A710011BD70 /* Project object */;
}
